
Microsoft Visual Studio Solution File, Format Version 12.00
# Visual Studio Version 17
VisualStudioVersion = 17.6.33723.286
MinimumVisualStudioVersion = 10.0.40219.1
Project("{FAE04EC0-301F-11D3-BF4B-00C04F79EFBC}") = "VetProManager.Core", "VetProManager.Core\VetProManager.Core.csproj", "{4F89B3B0-187C-4EF3-91CD-C42F55133A1D}"
EndProject
Project("{FAE04EC0-301F-11D3-BF4B-00C04F79EFBC}") = "VetProManager.DAL", "VetProManager.DAL\VetProManager.DAL.csproj", "{DD67D023-999B-4B07-B072-6D68439E8BF2}"
EndProject
Global
	GlobalSection(SolutionConfigurationPlatforms) = preSolution
		Debug|Any CPU = Debug|Any CPU
		Release|Any CPU = Release|Any CPU
	EndGlobalSection
	GlobalSection(ProjectConfigurationPlatforms) = postSolution
		{4F89B3B0-187C-4EF3-91CD-C42F55133A1D}.Debug|Any CPU.ActiveCfg = Debug|Any CPU
		{4F89B3B0-187C-4EF3-91CD-C42F55133A1D}.Debug|Any CPU.Build.0 = Debug|Any CPU
		{4F89B3B0-187C-4EF3-91CD-C42F55133A1D}.Release|Any CPU.ActiveCfg = Release|Any CPU
		{4F89B3B0-187C-4EF3-91CD-C42F55133A1D}.Release|Any CPU.Build.0 = Release|Any CPU
		{DD67D023-999B-4B07-B072-6D68439E8BF2}.Debug|Any CPU.ActiveCfg = Debug|Any CPU
		{DD67D023-999B-4B07-B072-6D68439E8BF2}.Debug|Any CPU.Build.0 = Debug|Any CPU
		{DD67D023-999B-4B07-B072-6D68439E8BF2}.Release|Any CPU.ActiveCfg = Release|Any CPU
		{DD67D023-999B-4B07-B072-6D68439E8BF2}.Release|Any CPU.Build.0 = Release|Any CPU
	EndGlobalSection
	GlobalSection(SolutionProperties) = preSolution
		HideSolutionNode = FALSE
	EndGlobalSection
	GlobalSection(ExtensibilityGlobals) = postSolution
		SolutionGuid = {83A19604-4AE2-4AD8-BB27-DF1FD90F3EB9}
	EndGlobalSection
EndGlobal
